
Microsoft Visual Studio Solution File, Format Version 12.00
# Visual Studio Version 16
VisualStudioVersion = 16.0.31005.135
MinimumVisualStudioVersion = 10.0.40219.1
Project("{2150E333-8FDC-42A3-9474-1A3956D46DE8}") = "Solution Items", "Solution Items", "{097E54CE-90F0-4CBC-8810-8FA173A5478C}"
	ProjectSection(SolutionItems) = preProject
		.editorconfig = .editorconfig
		.gitignore = .gitignore
	EndProjectSection
EndProject
Project("{2150E333-8FDC-42A3-9474-1A3956D46DE8}") = "src", "src", "{30D5E875-046D-4D04-83B4-C8F595F8FC21}"
EndProject
Project("{FAE04EC0-301F-11D3-BF4B-00C04F79EFBC}") = "Rhinobyte.ReflectionHelpers", "src\Rhinobyte.ReflectionHelpers\Rhinobyte.ReflectionHelpers.csproj", "{EF30B1C2-7FD7-4896-8075-CBF4490AEF3E}"
EndProject
Global
	GlobalSection(SolutionConfigurationPlatforms) = preSolution
		Debug|Any CPU = Debug|Any CPU
		Release|Any CPU = Release|Any CPU
	EndGlobalSection
	GlobalSection(ProjectConfigurationPlatforms) = postSolution
		{EF30B1C2-7FD7-4896-8075-CBF4490AEF3E}.Debug|Any CPU.ActiveCfg = Debug|Any CPU
		{EF30B1C2-7FD7-4896-8075-CBF4490AEF3E}.Debug|Any CPU.Build.0 = Debug|Any CPU
		{EF30B1C2-7FD7-4896-8075-CBF4490AEF3E}.Release|Any CPU.ActiveCfg = Release|Any CPU
		{EF30B1C2-7FD7-4896-8075-CBF4490AEF3E}.Release|Any CPU.Build.0 = Release|Any CPU
	EndGlobalSection
	GlobalSection(SolutionProperties) = preSolution
		HideSolutionNode = FALSE
	EndGlobalSection
	GlobalSection(NestedProjects) = preSolution
		{EF30B1C2-7FD7-4896-8075-CBF4490AEF3E} = {30D5E875-046D-4D04-83B4-C8F595F8FC21}
	EndGlobalSection
	GlobalSection(ExtensibilityGlobals) = postSolution
		SolutionGuid = {364FB354-1DCE-4305-B0FB-ED8F315DBC5A}
	EndGlobalSection
EndGlobal
