
Microsoft Visual Studio Solution File, Format Version 12.00
# Visual Studio Version 16
VisualStudioVersion = 16.0.31005.135
MinimumVisualStudioVersion = 10.0.40219.1
Project("{2150E333-8FDC-42A3-9474-1A3956D46DE8}") = "Solution Items", "Solution Items", "{097E54CE-90F0-4CBC-8810-8FA173A5478C}"
	ProjectSection(SolutionItems) = preProject
		.editorconfig = .editorconfig
		.gitignore = .gitignore
		LICENSE.txt = LICENSE.txt
		README.md = README.md
		solution.props = solution.props
	EndProjectSection
EndProject
Project("{2150E333-8FDC-42A3-9474-1A3956D46DE8}") = "src", "src", "{30D5E875-046D-4D04-83B4-C8F595F8FC21}"
	ProjectSection(SolutionItems) = preProject
		src\directory.build.props = src\directory.build.props
	EndProjectSection
EndProject
Project("{9A19103F-16F7-4668-BE54-9A1E7A4F7556}") = "Rhinobyte.ReflectionHelpers", "src\Rhinobyte.ReflectionHelpers\Rhinobyte.ReflectionHelpers.csproj", "{EF30B1C2-7FD7-4896-8075-CBF4490AEF3E}"
EndProject
Project("{2150E333-8FDC-42A3-9474-1A3956D46DE8}") = "tests", "tests", "{F08CE650-934D-4A0B-A931-AD0C4D65694C}"
	ProjectSection(SolutionItems) = preProject
		tests\directory.build.props = tests\directory.build.props
	EndProjectSection
EndProject
Project("{9A19103F-16F7-4668-BE54-9A1E7A4F7556}") = "Rhinobyte.ReflectionHelpers.UnitTests", "tests\Rhinobyte.ReflectionHelpers.UnitTests\Rhinobyte.ReflectionHelpers.UnitTests.csproj", "{938DB0E4-A2BB-4869-ACFC-2BAD9562B82A}"
EndProject
Global
	GlobalSection(SolutionConfigurationPlatforms) = preSolution
		Debug|Any CPU = Debug|Any CPU
		Release|Any CPU = Release|Any CPU
	EndGlobalSection
	GlobalSection(ProjectConfigurationPlatforms) = postSolution
		{EF30B1C2-7FD7-4896-8075-CBF4490AEF3E}.Debug|Any CPU.ActiveCfg = Debug|Any CPU
		{EF30B1C2-7FD7-4896-8075-CBF4490AEF3E}.Debug|Any CPU.Build.0 = Debug|Any CPU
		{EF30B1C2-7FD7-4896-8075-CBF4490AEF3E}.Release|Any CPU.ActiveCfg = Release|Any CPU
		{EF30B1C2-7FD7-4896-8075-CBF4490AEF3E}.Release|Any CPU.Build.0 = Release|Any CPU
		{938DB0E4-A2BB-4869-ACFC-2BAD9562B82A}.Debug|Any CPU.ActiveCfg = Debug|Any CPU
		{938DB0E4-A2BB-4869-ACFC-2BAD9562B82A}.Debug|Any CPU.Build.0 = Debug|Any CPU
		{938DB0E4-A2BB-4869-ACFC-2BAD9562B82A}.Release|Any CPU.ActiveCfg = Release|Any CPU
		{938DB0E4-A2BB-4869-ACFC-2BAD9562B82A}.Release|Any CPU.Build.0 = Release|Any CPU
	EndGlobalSection
	GlobalSection(SolutionProperties) = preSolution
		HideSolutionNode = FALSE
	EndGlobalSection
	GlobalSection(NestedProjects) = preSolution
		{EF30B1C2-7FD7-4896-8075-CBF4490AEF3E} = {30D5E875-046D-4D04-83B4-C8F595F8FC21}
		{938DB0E4-A2BB-4869-ACFC-2BAD9562B82A} = {F08CE650-934D-4A0B-A931-AD0C4D65694C}
	EndGlobalSection
	GlobalSection(ExtensibilityGlobals) = postSolution
		SolutionGuid = {364FB354-1DCE-4305-B0FB-ED8F315DBC5A}
	EndGlobalSection
EndGlobal
